
Microsoft Visual Studio Solution File, Format Version 12.00
# Visual Studio Version 17
VisualStudioVersion = 17.13.35931.197 d17.13
MinimumVisualStudioVersion = 10.0.40219.1
Project("{FAE04EC0-301F-11D3-BF4B-00C04F79EFBC}") = "ServiceYouNow", "ServiceYouNow\ServiceYouNow.csproj", "{0A7A5370-A357-4FC8-A48D-956168C112C5}"
EndProject
Global
	GlobalSection(SolutionConfigurationPlatforms) = preSolution
		Debug|Any CPU = Debug|Any CPU
		Release|Any CPU = Release|Any CPU
	EndGlobalSection
	GlobalSection(ProjectConfigurationPlatforms) = postSolution
		{0A7A5370-A357-4FC8-A48D-956168C112C5}.Debug|Any CPU.ActiveCfg = Debug|Any CPU
		{0A7A5370-A357-4FC8-A48D-956168C112C5}.Debug|Any CPU.Build.0 = Debug|Any CPU
		{0A7A5370-A357-4FC8-A48D-956168C112C5}.Release|Any CPU.ActiveCfg = Release|Any CPU
		{0A7A5370-A357-4FC8-A48D-956168C112C5}.Release|Any CPU.Build.0 = Release|Any CPU
	EndGlobalSection
	GlobalSection(SolutionProperties) = preSolution
		HideSolutionNode = FALSE
	EndGlobalSection
	GlobalSection(ExtensibilityGlobals) = postSolution
		SolutionGuid = {A00B2D81-32A1-44DB-BFE0-219C5440AFA4}
	EndGlobalSection
EndGlobal
